
Microsoft Visual Studio Solution File, Format Version 12.00
# Visual Studio Version 17
VisualStudioVersion = 17.13.35825.156 d17.13
MinimumVisualStudioVersion = 10.0.40219.1
Project("{FAE04EC0-301F-11D3-BF4B-00C04F79EFBC}") = "ECommerce_PL", "ECommerce_PL\ECommerce_PL.csproj", "{4D335A94-C7AB-4F09-8F1D-590F71117B23}"
EndProject
Project("{FAE04EC0-301F-11D3-BF4B-00C04F79EFBC}") = "BLL", "BLL\BLL.csproj", "{64444460-4709-44FB-B713-EBDA063D45C2}"
EndProject
Project("{FAE04EC0-301F-11D3-BF4B-00C04F79EFBC}") = "DAL", "DAL\DAL.csproj", "{7D04C2EF-FC31-405E-9B94-A4D9A14432F1}"
EndProject
Global
	GlobalSection(SolutionConfigurationPlatforms) = preSolution
		Debug|Any CPU = Debug|Any CPU
		Release|Any CPU = Release|Any CPU
	EndGlobalSection
	GlobalSection(ProjectConfigurationPlatforms) = postSolution
		{4D335A94-C7AB-4F09-8F1D-590F71117B23}.Debug|Any CPU.ActiveCfg = Debug|Any CPU
		{4D335A94-C7AB-4F09-8F1D-590F71117B23}.Debug|Any CPU.Build.0 = Debug|Any CPU
		{4D335A94-C7AB-4F09-8F1D-590F71117B23}.Release|Any CPU.ActiveCfg = Release|Any CPU
		{4D335A94-C7AB-4F09-8F1D-590F71117B23}.Release|Any CPU.Build.0 = Release|Any CPU
		{64444460-4709-44FB-B713-EBDA063D45C2}.Debug|Any CPU.ActiveCfg = Debug|Any CPU
		{64444460-4709-44FB-B713-EBDA063D45C2}.Debug|Any CPU.Build.0 = Debug|Any CPU
		{64444460-4709-44FB-B713-EBDA063D45C2}.Release|Any CPU.ActiveCfg = Release|Any CPU
		{64444460-4709-44FB-B713-EBDA063D45C2}.Release|Any CPU.Build.0 = Release|Any CPU
		{7D04C2EF-FC31-405E-9B94-A4D9A14432F1}.Debug|Any CPU.ActiveCfg = Debug|Any CPU
		{7D04C2EF-FC31-405E-9B94-A4D9A14432F1}.Debug|Any CPU.Build.0 = Debug|Any CPU
		{7D04C2EF-FC31-405E-9B94-A4D9A14432F1}.Release|Any CPU.ActiveCfg = Release|Any CPU
		{7D04C2EF-FC31-405E-9B94-A4D9A14432F1}.Release|Any CPU.Build.0 = Release|Any CPU
	EndGlobalSection
	GlobalSection(SolutionProperties) = preSolution
		HideSolutionNode = FALSE
	EndGlobalSection
	GlobalSection(ExtensibilityGlobals) = postSolution
		SolutionGuid = {BC1DC057-BAE3-42CA-8303-837B71028FFD}
	EndGlobalSection
EndGlobal
